
Microsoft Visual Studio Solution File, Format Version 12.00
# Visual Studio Version 17
VisualStudioVersion = 17.13.36105.23
MinimumVisualStudioVersion = 10.0.40219.1
Project("{2150E333-8FDC-42A3-9474-1A3956D46DE8}") = "Bootstrapper", "Bootstrapper", "{02EA681E-C7D8-13C7-8484-4AC65E1B71E8}"
EndProject
Project("{2150E333-8FDC-42A3-9474-1A3956D46DE8}") = "Modules", "Modules", "{FAF31EC7-E818-4FA5-B5C4-67066A27853E}"
EndProject
Project("{2150E333-8FDC-42A3-9474-1A3956D46DE8}") = "Shared", "Shared", "{A628DC4E-CE93-4A6E-9CD6-E10D0424D697}"
EndProject
Project("{FAE04EC0-301F-11D3-BF4B-00C04F79EFBC}") = "Api", "Bootstrapper\Api\Api.csproj", "{0A0CA354-4709-4582-8989-B648D297A884}"
EndProject
Project("{2150E333-8FDC-42A3-9474-1A3956D46DE8}") = "Catalogo", "Catalogo", "{E7718C52-D6A7-4286-833C-651D561D254E}"
EndProject
Project("{2150E333-8FDC-42A3-9474-1A3956D46DE8}") = "Carrito", "Carrito", "{C97D3F96-CC43-4DB9-B63E-8DFB858E4F1C}"
EndProject
Project("{FAE04EC0-301F-11D3-BF4B-00C04F79EFBC}") = "Catalogo", "Modules\Catalogo\Catalogo\Catalogo.csproj", "{F3A8887E-2E8A-4911-9614-55410D28E58D}"
EndProject
Project("{FAE04EC0-301F-11D3-BF4B-00C04F79EFBC}") = "Carrito", "Modules\Carrito\Carrito\Carrito.csproj", "{028809A1-2E64-4042-9C86-A0B7B0CD7A76}"
EndProject
Project("{FAE04EC0-301F-11D3-BF4B-00C04F79EFBC}") = "Shared", "Shared\Shared\Shared.csproj", "{E7467BB2-DF11-463A-8EC2-09E601D3D1BB}"
EndProject
Project("{E53339B2-1760-4266-BCC7-CA923CBCF16C}") = "docker-compose", "docker-compose.dcproj", "{81DDED9D-158B-E303-5F62-77A2896D2A5A}"
EndProject
Project("{FAE04EC0-301F-11D3-BF4B-00C04F79EFBC}") = "Catalogo.Contracts", "Modules\Catalogo\Catalogo.Contracts\Catalogo.Contracts.csproj", "{A1B31D3F-42E4-45D1-BB89-EA28FDB5F788}"
EndProject
Project("{FAE04EC0-301F-11D3-BF4B-00C04F79EFBC}") = "Shared.Contracts", "Shared\Shared.Contracts\Shared.Contracts.csproj", "{B4DCC71A-A38D-4A5A-AC6D-52C75E9F867E}"
EndProject
Project("{FAE04EC0-301F-11D3-BF4B-00C04F79EFBC}") = "Shared.Messaging", "Shared\Shared.Messaging\Shared.Messaging.csproj", "{BD87C8FB-3854-4245-8DCD-93C0BF2DEFF5}"
EndProject
Project("{2150E333-8FDC-42A3-9474-1A3956D46DE8}") = "Ordering", "Ordering", "{968E0B5E-F0B0-BBAD-AEFE-4A2D4984ED4C}"
EndProject
Project("{FAE04EC0-301F-11D3-BF4B-00C04F79EFBC}") = "Ordering", "Modules\Ordering\Ordering\Ordering.csproj", "{E6489BE3-EE06-4373-ACCE-5C7AE7E2B5B0}"
EndProject
Global
	GlobalSection(SolutionConfigurationPlatforms) = preSolution
		Debug|Any CPU = Debug|Any CPU
		Debug|x64 = Debug|x64
		Debug|x86 = Debug|x86
		Release|Any CPU = Release|Any CPU
		Release|x64 = Release|x64
		Release|x86 = Release|x86
	EndGlobalSection
	GlobalSection(ProjectConfigurationPlatforms) = postSolution
		{0A0CA354-4709-4582-8989-B648D297A884}.Debug|Any CPU.ActiveCfg = Debug|Any CPU
		{0A0CA354-4709-4582-8989-B648D297A884}.Debug|Any CPU.Build.0 = Debug|Any CPU
		{0A0CA354-4709-4582-8989-B648D297A884}.Debug|x64.ActiveCfg = Debug|Any CPU
		{0A0CA354-4709-4582-8989-B648D297A884}.Debug|x64.Build.0 = Debug|Any CPU
		{0A0CA354-4709-4582-8989-B648D297A884}.Debug|x86.ActiveCfg = Debug|Any CPU
		{0A0CA354-4709-4582-8989-B648D297A884}.Debug|x86.Build.0 = Debug|Any CPU
		{0A0CA354-4709-4582-8989-B648D297A884}.Release|Any CPU.ActiveCfg = Release|Any CPU
		{0A0CA354-4709-4582-8989-B648D297A884}.Release|Any CPU.Build.0 = Release|Any CPU
		{0A0CA354-4709-4582-8989-B648D297A884}.Release|x64.ActiveCfg = Release|Any CPU
		{0A0CA354-4709-4582-8989-B648D297A884}.Release|x64.Build.0 = Release|Any CPU
		{0A0CA354-4709-4582-8989-B648D297A884}.Release|x86.ActiveCfg = Release|Any CPU
		{0A0CA354-4709-4582-8989-B648D297A884}.Release|x86.Build.0 = Release|Any CPU
		{F3A8887E-2E8A-4911-9614-55410D28E58D}.Debug|Any CPU.ActiveCfg = Debug|Any CPU
		{F3A8887E-2E8A-4911-9614-55410D28E58D}.Debug|Any CPU.Build.0 = Debug|Any CPU
		{F3A8887E-2E8A-4911-9614-55410D28E58D}.Debug|x64.ActiveCfg = Debug|Any CPU
		{F3A8887E-2E8A-4911-9614-55410D28E58D}.Debug|x64.Build.0 = Debug|Any CPU
		{F3A8887E-2E8A-4911-9614-55410D28E58D}.Debug|x86.ActiveCfg = Debug|Any CPU
		{F3A8887E-2E8A-4911-9614-55410D28E58D}.Debug|x86.Build.0 = Debug|Any CPU
		{F3A8887E-2E8A-4911-9614-55410D28E58D}.Release|Any CPU.ActiveCfg = Release|Any CPU
		{F3A8887E-2E8A-4911-9614-55410D28E58D}.Release|Any CPU.Build.0 = Release|Any CPU
		{F3A8887E-2E8A-4911-9614-55410D28E58D}.Release|x64.ActiveCfg = Release|Any CPU
		{F3A8887E-2E8A-4911-9614-55410D28E58D}.Release|x64.Build.0 = Release|Any CPU
		{F3A8887E-2E8A-4911-9614-55410D28E58D}.Release|x86.ActiveCfg = Release|Any CPU
		{F3A8887E-2E8A-4911-9614-55410D28E58D}.Release|x86.Build.0 = Release|Any CPU
		{028809A1-2E64-4042-9C86-A0B7B0CD7A76}.Debug|Any CPU.ActiveCfg = Debug|Any CPU
		{028809A1-2E64-4042-9C86-A0B7B0CD7A76}.Debug|Any CPU.Build.0 = Debug|Any CPU
		{028809A1-2E64-4042-9C86-A0B7B0CD7A76}.Debug|x64.ActiveCfg = Debug|Any CPU
		{028809A1-2E64-4042-9C86-A0B7B0CD7A76}.Debug|x64.Build.0 = Debug|Any CPU
		{028809A1-2E64-4042-9C86-A0B7B0CD7A76}.Debug|x86.ActiveCfg = Debug|Any CPU
		{028809A1-2E64-4042-9C86-A0B7B0CD7A76}.Debug|x86.Build.0 = Debug|Any CPU
		{028809A1-2E64-4042-9C86-A0B7B0CD7A76}.Release|Any CPU.ActiveCfg = Release|Any CPU
		{028809A1-2E64-4042-9C86-A0B7B0CD7A76}.Release|Any CPU.Build.0 = Release|Any CPU
		{028809A1-2E64-4042-9C86-A0B7B0CD7A76}.Release|x64.ActiveCfg = Release|Any CPU
		{028809A1-2E64-4042-9C86-A0B7B0CD7A76}.Release|x64.Build.0 = Release|Any CPU
		{028809A1-2E64-4042-9C86-A0B7B0CD7A76}.Release|x86.ActiveCfg = Release|Any CPU
		{028809A1-2E64-4042-9C86-A0B7B0CD7A76}.Release|x86.Build.0 = Release|Any CPU
		{E7467BB2-DF11-463A-8EC2-09E601D3D1BB}.Debug|Any CPU.ActiveCfg = Debug|Any CPU
		{E7467BB2-DF11-463A-8EC2-09E601D3D1BB}.Debug|Any CPU.Build.0 = Debug|Any CPU
		{E7467BB2-DF11-463A-8EC2-09E601D3D1BB}.Debug|x64.ActiveCfg = Debug|Any CPU
		{E7467BB2-DF11-463A-8EC2-09E601D3D1BB}.Debug|x64.Build.0 = Debug|Any CPU
		{E7467BB2-DF11-463A-8EC2-09E601D3D1BB}.Debug|x86.ActiveCfg = Debug|Any CPU
		{E7467BB2-DF11-463A-8EC2-09E601D3D1BB}.Debug|x86.Build.0 = Debug|Any CPU
		{E7467BB2-DF11-463A-8EC2-09E601D3D1BB}.Release|Any CPU.ActiveCfg = Release|Any CPU
		{E7467BB2-DF11-463A-8EC2-09E601D3D1BB}.Release|Any CPU.Build.0 = Release|Any CPU
		{E7467BB2-DF11-463A-8EC2-09E601D3D1BB}.Release|x64.ActiveCfg = Release|Any CPU
		{E7467BB2-DF11-463A-8EC2-09E601D3D1BB}.Release|x64.Build.0 = Release|Any CPU
		{E7467BB2-DF11-463A-8EC2-09E601D3D1BB}.Release|x86.ActiveCfg = Release|Any CPU
		{E7467BB2-DF11-463A-8EC2-09E601D3D1BB}.Release|x86.Build.0 = Release|Any CPU
		{81DDED9D-158B-E303-5F62-77A2896D2A5A}.Debug|Any CPU.ActiveCfg = Debug|Any CPU
		{81DDED9D-158B-E303-5F62-77A2896D2A5A}.Debug|Any CPU.Build.0 = Debug|Any CPU
		{81DDED9D-158B-E303-5F62-77A2896D2A5A}.Debug|x64.ActiveCfg = Debug|x64
		{81DDED9D-158B-E303-5F62-77A2896D2A5A}.Debug|x86.ActiveCfg = Debug|x86
		{81DDED9D-158B-E303-5F62-77A2896D2A5A}.Release|Any CPU.ActiveCfg = Release|Any CPU
		{81DDED9D-158B-E303-5F62-77A2896D2A5A}.Release|Any CPU.Build.0 = Release|Any CPU
		{81DDED9D-158B-E303-5F62-77A2896D2A5A}.Release|x64.ActiveCfg = Release|x64
		{81DDED9D-158B-E303-5F62-77A2896D2A5A}.Release|x86.ActiveCfg = Release|x86
		{A1B31D3F-42E4-45D1-BB89-EA28FDB5F788}.Debug|Any CPU.ActiveCfg = Debug|Any CPU
		{A1B31D3F-42E4-45D1-BB89-EA28FDB5F788}.Debug|Any CPU.Build.0 = Debug|Any CPU
		{A1B31D3F-42E4-45D1-BB89-EA28FDB5F788}.Debug|x64.ActiveCfg = Debug|Any CPU
		{A1B31D3F-42E4-45D1-BB89-EA28FDB5F788}.Debug|x64.Build.0 = Debug|Any CPU
		{A1B31D3F-42E4-45D1-BB89-EA28FDB5F788}.Debug|x86.ActiveCfg = Debug|Any CPU
		{A1B31D3F-42E4-45D1-BB89-EA28FDB5F788}.Debug|x86.Build.0 = Debug|Any CPU
		{A1B31D3F-42E4-45D1-BB89-EA28FDB5F788}.Release|Any CPU.ActiveCfg = Release|Any CPU
		{A1B31D3F-42E4-45D1-BB89-EA28FDB5F788}.Release|Any CPU.Build.0 = Release|Any CPU
		{A1B31D3F-42E4-45D1-BB89-EA28FDB5F788}.Release|x64.ActiveCfg = Release|Any CPU
		{A1B31D3F-42E4-45D1-BB89-EA28FDB5F788}.Release|x64.Build.0 = Release|Any CPU
		{A1B31D3F-42E4-45D1-BB89-EA28FDB5F788}.Release|x86.ActiveCfg = Release|Any CPU
		{A1B31D3F-42E4-45D1-BB89-EA28FDB5F788}.Release|x86.Build.0 = Release|Any CPU
		{B4DCC71A-A38D-4A5A-AC6D-52C75E9F867E}.Debug|Any CPU.ActiveCfg = Debug|Any CPU
		{B4DCC71A-A38D-4A5A-AC6D-52C75E9F867E}.Debug|Any CPU.Build.0 = Debug|Any CPU
		{B4DCC71A-A38D-4A5A-AC6D-52C75E9F867E}.Debug|x64.ActiveCfg = Debug|Any CPU
		{B4DCC71A-A38D-4A5A-AC6D-52C75E9F867E}.Debug|x64.Build.0 = Debug|Any CPU
		{B4DCC71A-A38D-4A5A-AC6D-52C75E9F867E}.Debug|x86.ActiveCfg = Debug|Any CPU
		{B4DCC71A-A38D-4A5A-AC6D-52C75E9F867E}.Debug|x86.Build.0 = Debug|Any CPU
		{B4DCC71A-A38D-4A5A-AC6D-52C75E9F867E}.Release|Any CPU.ActiveCfg = Release|Any CPU
		{B4DCC71A-A38D-4A5A-AC6D-52C75E9F867E}.Release|Any CPU.Build.0 = Release|Any CPU
		{B4DCC71A-A38D-4A5A-AC6D-52C75E9F867E}.Release|x64.ActiveCfg = Release|Any CPU
		{B4DCC71A-A38D-4A5A-AC6D-52C75E9F867E}.Release|x64.Build.0 = Release|Any CPU
		{B4DCC71A-A38D-4A5A-AC6D-52C75E9F867E}.Release|x86.ActiveCfg = Release|Any CPU
		{B4DCC71A-A38D-4A5A-AC6D-52C75E9F867E}.Release|x86.Build.0 = Release|Any CPU
		{BD87C8FB-3854-4245-8DCD-93C0BF2DEFF5}.Debug|Any CPU.ActiveCfg = Debug|Any CPU
		{BD87C8FB-3854-4245-8DCD-93C0BF2DEFF5}.Debug|Any CPU.Build.0 = Debug|Any CPU
		{BD87C8FB-3854-4245-8DCD-93C0BF2DEFF5}.Debug|x64.ActiveCfg = Debug|Any CPU
		{BD87C8FB-3854-4245-8DCD-93C0BF2DEFF5}.Debug|x64.Build.0 = Debug|Any CPU
		{BD87C8FB-3854-4245-8DCD-93C0BF2DEFF5}.Debug|x86.ActiveCfg = Debug|Any CPU
		{BD87C8FB-3854-4245-8DCD-93C0BF2DEFF5}.Debug|x86.Build.0 = Debug|Any CPU
		{BD87C8FB-3854-4245-8DCD-93C0BF2DEFF5}.Release|Any CPU.ActiveCfg = Release|Any CPU
		{BD87C8FB-3854-4245-8DCD-93C0BF2DEFF5}.Release|Any CPU.Build.0 = Release|Any CPU
		{BD87C8FB-3854-4245-8DCD-93C0BF2DEFF5}.Release|x64.ActiveCfg = Release|Any CPU
		{BD87C8FB-3854-4245-8DCD-93C0BF2DEFF5}.Release|x64.Build.0 = Release|Any CPU
		{BD87C8FB-3854-4245-8DCD-93C0BF2DEFF5}.Release|x86.ActiveCfg = Release|Any CPU
		{BD87C8FB-3854-4245-8DCD-93C0BF2DEFF5}.Release|x86.Build.0 = Release|Any CPU
		{E6489BE3-EE06-4373-ACCE-5C7AE7E2B5B0}.Debug|Any CPU.ActiveCfg = Debug|Any CPU
		{E6489BE3-EE06-4373-ACCE-5C7AE7E2B5B0}.Debug|Any CPU.Build.0 = Debug|Any CPU
		{E6489BE3-EE06-4373-ACCE-5C7AE7E2B5B0}.Debug|x64.ActiveCfg = Debug|Any CPU
		{E6489BE3-EE06-4373-ACCE-5C7AE7E2B5B0}.Debug|x64.Build.0 = Debug|Any CPU
		{E6489BE3-EE06-4373-ACCE-5C7AE7E2B5B0}.Debug|x86.ActiveCfg = Debug|Any CPU
		{E6489BE3-EE06-4373-ACCE-5C7AE7E2B5B0}.Debug|x86.Build.0 = Debug|Any CPU
		{E6489BE3-EE06-4373-ACCE-5C7AE7E2B5B0}.Release|Any CPU.ActiveCfg = Release|Any CPU
		{E6489BE3-EE06-4373-ACCE-5C7AE7E2B5B0}.Release|Any CPU.Build.0 = Release|Any CPU
		{E6489BE3-EE06-4373-ACCE-5C7AE7E2B5B0}.Release|x64.ActiveCfg = Release|Any CPU
		{E6489BE3-EE06-4373-ACCE-5C7AE7E2B5B0}.Release|x64.Build.0 = Release|Any CPU
		{E6489BE3-EE06-4373-ACCE-5C7AE7E2B5B0}.Release|x86.ActiveCfg = Release|Any CPU
		{E6489BE3-EE06-4373-ACCE-5C7AE7E2B5B0}.Release|x86.Build.0 = Release|Any CPU
	EndGlobalSection
	GlobalSection(SolutionProperties) = preSolution
		HideSolutionNode = FALSE
	EndGlobalSection
	GlobalSection(NestedProjects) = preSolution
		{0A0CA354-4709-4582-8989-B648D297A884} = {02EA681E-C7D8-13C7-8484-4AC65E1B71E8}
		{E7718C52-D6A7-4286-833C-651D561D254E} = {FAF31EC7-E818-4FA5-B5C4-67066A27853E}
		{C97D3F96-CC43-4DB9-B63E-8DFB858E4F1C} = {FAF31EC7-E818-4FA5-B5C4-67066A27853E}
		{F3A8887E-2E8A-4911-9614-55410D28E58D} = {E7718C52-D6A7-4286-833C-651D561D254E}
		{028809A1-2E64-4042-9C86-A0B7B0CD7A76} = {C97D3F96-CC43-4DB9-B63E-8DFB858E4F1C}
		{E7467BB2-DF11-463A-8EC2-09E601D3D1BB} = {A628DC4E-CE93-4A6E-9CD6-E10D0424D697}
		{A1B31D3F-42E4-45D1-BB89-EA28FDB5F788} = {E7718C52-D6A7-4286-833C-651D561D254E}
		{B4DCC71A-A38D-4A5A-AC6D-52C75E9F867E} = {A628DC4E-CE93-4A6E-9CD6-E10D0424D697}
		{BD87C8FB-3854-4245-8DCD-93C0BF2DEFF5} = {A628DC4E-CE93-4A6E-9CD6-E10D0424D697}
		{968E0B5E-F0B0-BBAD-AEFE-4A2D4984ED4C} = {FAF31EC7-E818-4FA5-B5C4-67066A27853E}
		{E6489BE3-EE06-4373-ACCE-5C7AE7E2B5B0} = {968E0B5E-F0B0-BBAD-AEFE-4A2D4984ED4C}
	EndGlobalSection
	GlobalSection(ExtensibilityGlobals) = postSolution
		SolutionGuid = {06121472-6167-4461-BC63-AC099205B20B}
	EndGlobalSection
EndGlobal
